
Microsoft Visual Studio Solution File, Format Version 12.00
# Visual Studio Version 16
VisualStudioVersion = 16.0.31605.320
MinimumVisualStudioVersion = 10.0.40219.1
Project("{9A19103F-16F7-4668-BE54-9A1E7A4F7556}") = "AnalyzeSign", "AnalyzeSign.csproj", "{E5DF25AD-4065-41DC-8B41-5AFF205E7F83}"
EndProject
Global
	GlobalSection(SolutionConfigurationPlatforms) = preSolution
		Debug|Any CPU = Debug|Any CPU
		Release|Any CPU = Release|Any CPU
	EndGlobalSection
	GlobalSection(ProjectConfigurationPlatforms) = postSolution
		{E5DF25AD-4065-41DC-8B41-5AFF205E7F83}.Debug|Any CPU.ActiveCfg = Debug|Any CPU
		{E5DF25AD-4065-41DC-8B41-5AFF205E7F83}.Debug|Any CPU.Build.0 = Debug|Any CPU
		{E5DF25AD-4065-41DC-8B41-5AFF205E7F83}.Release|Any CPU.ActiveCfg = Release|Any CPU
		{E5DF25AD-4065-41DC-8B41-5AFF205E7F83}.Release|Any CPU.Build.0 = Release|Any CPU
	EndGlobalSection
	GlobalSection(SolutionProperties) = preSolution
		HideSolutionNode = FALSE
	EndGlobalSection
	GlobalSection(ExtensibilityGlobals) = postSolution
		SolutionGuid = {225DFA54-6C9F-4839-91CD-7F249DFCFDCC}
	EndGlobalSection
EndGlobal
